// !$*UTF8*$!
{
	archiveVersion = 1;
	classes = {
	};
	objectVersion = 55;
	objects = {

/* Begin PBXBuildFile section */
		5457135C27A21FA300B2D5CD /* DiscussionHubApp.swift in Sources */ = {isa = PBXBuildFile; fileRef = 5457135B27A21FA300B2D5CD /* DiscussionHubApp.swift */; };
		5457135E27A21FA300B2D5CD /* ContentView.swift in Sources */ = {isa = PBXBuildFile; fileRef = 5457135D27A21FA300B2D5CD /* ContentView.swift */; };
		5457136027A21FA300B2D5CD /* Assets.xcassets in Resources */ = {isa = PBXBuildFile; fileRef = 5457135F27A21FA300B2D5CD /* Assets.xcassets */; };
		5457136327A21FA300B2D5CD /* Preview Assets.xcassets in Resources */ = {isa = PBXBuildFile; fileRef = 5457136227A21FA300B2D5CD /* Preview Assets.xcassets */; };
		5457136B27A224CC00B2D5CD /* FirstView.swift in Sources */ = {isa = PBXBuildFile; fileRef = 5457136A27A224CC00B2D5CD /* FirstView.swift */; };
		5457136D27A224DA00B2D5CD /* SecondView.swift in Sources */ = {isa = PBXBuildFile; fileRef = 5457136C27A224DA00B2D5CD /* SecondView.swift */; };
		5457136F27A224E500B2D5CD /* ThirdView.swift in Sources */ = {isa = PBXBuildFile; fileRef = 5457136E27A224E500B2D5CD /* ThirdView.swift */; };
		5457137127A2297300B2D5CD /* GoogleService-Info.plist in Resources */ = {isa = PBXBuildFile; fileRef = 5457137027A2297300B2D5CD /* GoogleService-Info.plist */; };
		5457137427A22B1200B2D5CD /* FirebaseFirestore in Frameworks */ = {isa = PBXBuildFile; productRef = 5457137327A22B1200B2D5CD /* FirebaseFirestore */; };
		547047C627A250AF00D4A6BA /* CreateDiscussionView.swift in Sources */ = {isa = PBXBuildFile; fileRef = 547047C527A250AF00D4A6BA /* CreateDiscussionView.swift */; };
		54C2E77627A266A6001EFE27 /* OpinionsView.swift in Sources */ = {isa = PBXBuildFile; fileRef = 54C2E77527A266A6001EFE27 /* OpinionsView.swift */; };
		54F3A33027A2384E00C0AEE0 /* Discussion.swift in Sources */ = {isa = PBXBuildFile; fileRef = 54F3A32F27A2384E00C0AEE0 /* Discussion.swift */; };
		54F3A33227A2385B00C0AEE0 /* DiscussionViewModel.swift in Sources */ = {isa = PBXBuildFile; fileRef = 54F3A33127A2385B00C0AEE0 /* DiscussionViewModel.swift */; };
/* End PBXBuildFile section */

/* Begin PBXFileReference section */
		5457135827A21FA300B2D5CD /* DiscussionHub.app */ = {isa = PBXFileReference; explicitFileType = wrapper.application; includeInIndex = 0; path = DiscussionHub.app; sourceTree = BUILT_PRODUCTS_DIR; };
		5457135B27A21FA300B2D5CD /* DiscussionHubApp.swift */ = {isa = PBXFileReference; lastKnownFileType = sourcecode.swift; path = DiscussionHubApp.swift; sourceTree = "<group>"; };
		5457135D27A21FA300B2D5CD /* ContentView.swift */ = {isa = PBXFileReference; lastKnownFileType = sourcecode.swift; path = ContentView.swift; sourceTree = "<group>"; };
		5457135F27A21FA300B2D5CD /* Assets.xcassets */ = {isa = PBXFileReference; lastKnownFileType = folder.assetcatalog; path = Assets.xcassets; sourceTree = "<group>"; };
		5457136227A21FA300B2D5CD /* Preview Assets.xcassets */ = {isa = PBXFileReference; lastKnownFileType = folder.assetcatalog; path = "Preview Assets.xcassets"; sourceTree = "<group>"; };
		5457136A27A224CC00B2D5CD /* FirstView.swift */ = {isa = PBXFileReference; lastKnownFileType = sourcecode.swift; path = FirstView.swift; sourceTree = "<group>"; };
		5457136C27A224DA00B2D5CD /* SecondView.swift */ = {isa = PBXFileReference; lastKnownFileType = sourcecode.swift; path = SecondView.swift; sourceTree = "<group>"; };
		5457136E27A224E500B2D5CD /* ThirdView.swift */ = {isa = PBXFileReference; lastKnownFileType = sourcecode.swift; path = ThirdView.swift; sourceTree = "<group>"; };
		5457137027A2297300B2D5CD /* GoogleService-Info.plist */ = {isa = PBXFileReference; fileEncoding = 4; lastKnownFileType = text.plist.xml; name = "GoogleService-Info.plist"; path = "../../../Downloads/GoogleService-Info.plist"; sourceTree = "<group>"; };
		547047C527A250AF00D4A6BA /* CreateDiscussionView.swift */ = {isa = PBXFileReference; lastKnownFileType = sourcecode.swift; path = CreateDiscussionView.swift; sourceTree = "<group>"; };
		54C2E77527A266A6001EFE27 /* OpinionsView.swift */ = {isa = PBXFileReference; lastKnownFileType = sourcecode.swift; path = OpinionsView.swift; sourceTree = "<group>"; };
		54F3A32F27A2384E00C0AEE0 /* Discussion.swift */ = {isa = PBXFileReference; lastKnownFileType = sourcecode.swift; path = Discussion.swift; sourceTree = "<group>"; };
		54F3A33127A2385B00C0AEE0 /* DiscussionViewModel.swift */ = {isa = PBXFileReference; lastKnownFileType = sourcecode.swift; path = DiscussionViewModel.swift; sourceTree = "<group>"; };
/* End PBXFileReference section */

/* Begin PBXFrameworksBuildPhase section */
		5457135527A21FA300B2D5CD /* Frameworks */ = {
			isa = PBXFrameworksBuildPhase;
			buildActionMask = 2147483647;
			files = (
				5457137427A22B1200B2D5CD /* FirebaseFirestore in Frameworks */,
			);
			runOnlyForDeploymentPostprocessing = 0;
		};
/* End PBXFrameworksBuildPhase section */

/* Begin PBXGroup section */
		5457134F27A21FA200B2D5CD = {
			isa = PBXGroup;
			children = (
				5457135A27A21FA300B2D5CD /* DiscussionHub */,
				5457135927A21FA300B2D5CD /* Products */,
			);
			sourceTree = "<group>";
		};
		5457135927A21FA300B2D5CD /* Products */ = {
			isa = PBXGroup;
			children = (
				5457135827A21FA300B2D5CD /* DiscussionHub.app */,
			);
			name = Products;
			sourceTree = "<group>";
		};
		5457135A27A21FA300B2D5CD /* DiscussionHub */ = {
			isa = PBXGroup;
			children = (
				5457137027A2297300B2D5CD /* GoogleService-Info.plist */,
				5457135B27A21FA300B2D5CD /* DiscussionHubApp.swift */,
				54F3A32E27A2383700C0AEE0 /* Models */,
				5457136927A224B600B2D5CD /* Views */,
				5457135F27A21FA300B2D5CD /* Assets.xcassets */,
				5457136127A21FA300B2D5CD /* Preview Content */,
			);
			path = DiscussionHub;
			sourceTree = "<group>";
		};
		5457136127A21FA300B2D5CD /* Preview Content */ = {
			isa = PBXGroup;
			children = (
				5457136227A21FA300B2D5CD /* Preview Assets.xcassets */,
			);
			path = "Preview Content";
			sourceTree = "<group>";
		};
		5457136927A224B600B2D5CD /* Views */ = {
			isa = PBXGroup;
			children = (
				5457135D27A21FA300B2D5CD /* ContentView.swift */,
				54C2E77527A266A6001EFE27 /* OpinionsView.swift */,
				547047C527A250AF00D4A6BA /* CreateDiscussionView.swift */,
				5457136A27A224CC00B2D5CD /* FirstView.swift */,
				5457136E27A224E500B2D5CD /* ThirdView.swift */,
				5457136C27A224DA00B2D5CD /* SecondView.swift */,
			);
			path = Views;
			sourceTree = "<group>";
		};
		54F3A32E27A2383700C0AEE0 /* Models */ = {
			isa = PBXGroup;
			children = (
				54F3A32F27A2384E00C0AEE0 /* Discussion.swift */,
				54F3A33127A2385B00C0AEE0 /* DiscussionViewModel.swift */,
			);
			path = Models;
			sourceTree = "<group>";
		};
/* End PBXGroup section */

/* Begin PBXNativeTarget section */
		5457135727A21FA300B2D5CD /* DiscussionHub */ = {
			isa = PBXNativeTarget;
			buildConfigurationList = 5457136627A21FA300B2D5CD /* Build configuration list for PBXNativeTarget "DiscussionHub" */;
			buildPhases = (
				5457135427A21FA300B2D5CD /* Sources */,
				5457135527A21FA300B2D5CD /* Frameworks */,
				5457135627A21FA300B2D5CD /* Resources */,
			);
			buildRules = (
			);
			dependencies = (
			);
			name = DiscussionHub;
			packageProductDependencies = (
				5457137327A22B1200B2D5CD /* FirebaseFirestore */,
			);
			productName = DiscussionHub;
			productReference = 5457135827A21FA300B2D5CD /* DiscussionHub.app */;
			productType = "com.apple.product-type.application";
		};
/* End PBXNativeTarget section */

/* Begin PBXProject section */
		5457135027A21FA200B2D5CD /* Project object */ = {
			isa = PBXProject;
			attributes = {
				BuildIndependentTargetsInParallel = 1;
				LastSwiftUpdateCheck = 1320;
				LastUpgradeCheck = 1320;
				TargetAttributes = {
					5457135727A21FA300B2D5CD = {
						CreatedOnToolsVersion = 13.2.1;
					};
				};
			};
			buildConfigurationList = 5457135327A21FA200B2D5CD /* Build configuration list for PBXProject "DiscussionHub" */;
			compatibilityVersion = "Xcode 13.0";
			developmentRegion = en;
			hasScannedForEncodings = 0;
			knownRegions = (
				en,
				Base,
			);
			mainGroup = 5457134F27A21FA200B2D5CD;
			packageReferences = (
				5457137227A22B1200B2D5CD /* XCRemoteSwiftPackageReference "firebase-ios-sdk" */,
			);
			productRefGroup = 5457135927A21FA300B2D5CD /* Products */;
			projectDirPath = "";
			projectRoot = "";
			targets = (
				5457135727A21FA300B2D5CD /* DiscussionHub */,
			);
		};
/* End PBXProject section */

/* Begin PBXResourcesBuildPhase section */
		5457135627A21FA300B2D5CD /* Resources */ = {
			isa = PBXResourcesBuildPhase;
			buildActionMask = 2147483647;
			files = (
				5457136327A21FA300B2D5CD /* Preview Assets.xcassets in Resources */,
				5457136027A21FA300B2D5CD /* Assets.xcassets in Resources */,
				5457137127A2297300B2D5CD /* GoogleService-Info.plist in Resources */,
			);
			runOnlyForDeploymentPostprocessing = 0;
		};
/* End PBXResourcesBuildPhase section */

/* Begin PBXSourcesBuildPhase section */
		5457135427A21FA300B2D5CD /* Sources */ = {
			isa = PBXSourcesBuildPhase;
			buildActionMask = 2147483647;
			files = (
				547047C627A250AF00D4A6BA /* CreateDiscussionView.swift in Sources */,
				5457135E27A21FA300B2D5CD /* ContentView.swift in Sources */,
				54C2E77627A266A6001EFE27 /* OpinionsView.swift in Sources */,
				5457136F27A224E500B2D5CD /* ThirdView.swift in Sources */,
				5457136B27A224CC00B2D5CD /* FirstView.swift in Sources */,
				54F3A33227A2385B00C0AEE0 /* DiscussionViewModel.swift in Sources */,
				5457136D27A224DA00B2D5CD /* SecondView.swift in Sources */,
				5457135C27A21FA300B2D5CD /* DiscussionHubApp.swift in Sources */,
				54F3A33027A2384E00C0AEE0 /* Discussion.swift in Sources */,
			);
			runOnlyForDeploymentPostprocessing = 0;
		};
/* End PBXSourcesBuildPhase section */

/* Begin XCBuildConfiguration section */
		5457136427A21FA300B2D5CD /* Debug */ = {
			isa = XCBuildConfiguration;
			buildSettings = {
				ALWAYS_SEARCH_USER_PATHS = NO;
				CLANG_ANALYZER_NONNULL = YES;
				CLANG_ANALYZER_NUMBER_OBJECT_CONVERSION = YES_AGGRESSIVE;
				CLANG_CXX_LANGUAGE_STANDARD = "gnu++17";
				CLANG_CXX_LIBRARY = "libc++";
				CLANG_ENABLE_MODULES = YES;
				CLANG_ENABLE_OBJC_ARC = YES;
				CLANG_ENABLE_OBJC_WEAK = YES;
				CLANG_WARN_BLOCK_CAPTURE_AUTORELEASING = YES;
				CLANG_WARN_BOOL_CONVERSION = YES;
				CLANG_WARN_COMMA = YES;
				CLANG_WARN_CONSTANT_CONVERSION = YES;
				CLANG_WARN_DEPRECATED_OBJC_IMPLEMENTATIONS = YES;
				CLANG_WARN_DIRECT_OBJC_ISA_USAGE = YES_ERROR;
				CLANG_WARN_DOCUMENTATION_COMMENTS = YES;
				CLANG_WARN_EMPTY_BODY = YES;
				CLANG_WARN_ENUM_CONVERSION = YES;
				CLANG_WARN_INFINITE_RECURSION = YES;
				CLANG_WARN_INT_CONVERSION = YES;
				CLANG_WARN_NON_LITERAL_NULL_CONVERSION = YES;
				CLANG_WARN_OBJC_IMPLICIT_RETAIN_SELF = YES;
				CLANG_WARN_OBJC_LITERAL_CONVERSION = YES;
				CLANG_WARN_OBJC_ROOT_CLASS = YES_ERROR;
				CLANG_WARN_QUOTED_INCLUDE_IN_FRAMEWORK_HEADER = YES;
				CLANG_WARN_RANGE_LOOP_ANALYSIS = YES;
				CLANG_WARN_STRICT_PROTOTYPES = YES;
				CLANG_WARN_SUSPICIOUS_MOVE = YES;
				CLANG_WARN_UNGUARDED_AVAILABILITY = YES_AGGRESSIVE;
				CLANG_WARN_UNREACHABLE_CODE = YES;
				CLANG_WARN__DUPLICATE_METHOD_MATCH = YES;
				COPY_PHASE_STRIP = NO;
				DEBUG_INFORMATION_FORMAT = dwarf;
				ENABLE_STRICT_OBJC_MSGSEND = YES;
				ENABLE_TESTABILITY = YES;
				GCC_C_LANGUAGE_STANDARD = gnu11;
				GCC_DYNAMIC_NO_PIC = NO;
				GCC_NO_COMMON_BLOCKS = YES;
				GCC_OPTIMIZATION_LEVEL = 0;
				GCC_PREPROCESSOR_DEFINITIONS = (
					"DEBUG=1",
					"$(inherited)",
				);
				GCC_WARN_64_TO_32_BIT_CONVERSION = YES;
				GCC_WARN_ABOUT_RETURN_TYPE = YES_ERROR;
				GCC_WARN_UNDECLARED_SELECTOR = YES;
				GCC_WARN_UNINITIALIZED_AUTOS = YES_AGGRESSIVE;
				GCC_WARN_UNUSED_FUNCTION = YES;
				GCC_WARN_UNUSED_VARIABLE = YES;
				IPHONEOS_DEPLOYMENT_TARGET = 15.2;
				MTL_ENABLE_DEBUG_INFO = INCLUDE_SOURCE;
				MTL_FAST_MATH = YES;
				ONLY_ACTIVE_ARCH = YES;
				SDKROOT = iphoneos;
				SWIFT_ACTIVE_COMPILATION_CONDITIONS = DEBUG;
				SWIFT_OPTIMIZATION_LEVEL = "-Onone";
			};
			name = Debug;
		};
		5457136527A21FA300B2D5CD /* Release */ = {
			isa = XCBuildConfiguration;
			buildSettings = {
				ALWAYS_SEARCH_USER_PATHS = NO;
				CLANG_ANALYZER_NONNULL = YES;
				CLANG_ANALYZER_NUMBER_OBJECT_CONVERSION = YES_AGGRESSIVE;
				CLANG_CXX_LANGUAGE_STANDARD = "gnu++17";
				CLANG_CXX_LIBRARY = "libc++";
				CLANG_ENABLE_MODULES = YES;
				CLANG_ENABLE_OBJC_ARC = YES;
				CLANG_ENABLE_OBJC_WEAK = YES;
				CLANG_WARN_BLOCK_CAPTURE_AUTORELEASING = YES;
				CLANG_WARN_BOOL_CONVERSION = YES;
				CLANG_WARN_COMMA = YES;
				CLANG_WARN_CONSTANT_CONVERSION = YES;
				CLANG_WARN_DEPRECATED_OBJC_IMPLEMENTATIONS = YES;
				CLANG_WARN_DIRECT_OBJC_ISA_USAGE = YES_ERROR;
				CLANG_WARN_DOCUMENTATION_COMMENTS = YES;
				CLANG_WARN_EMPTY_BODY = YES;
				CLANG_WARN_ENUM_CONVERSION = YES;
				CLANG_WARN_INFINITE_RECURSION = YES;
				CLANG_WARN_INT_CONVERSION = YES;
				CLANG_WARN_NON_LITERAL_NULL_CONVERSION = YES;
				CLANG_WARN_OBJC_IMPLICIT_RETAIN_SELF = YES;
				CLANG_WARN_OBJC_LITERAL_CONVERSION = YES;
				CLANG_WARN_OBJC_ROOT_CLASS = YES_ERROR;
				CLANG_WARN_QUOTED_INCLUDE_IN_FRAMEWORK_HEADER = YES;
				CLANG_WARN_RANGE_LOOP_ANALYSIS = YES;
				CLANG_WARN_STRICT_PROTOTYPES = YES;
				CLANG_WARN_SUSPICIOUS_MOVE = YES;
				CLANG_WARN_UNGUARDED_AVAILABILITY = YES_AGGRESSIVE;
				CLANG_WARN_UNREACHABLE_CODE = YES;
				CLANG_WARN__DUPLICATE_METHOD_MATCH = YES;
				COPY_PHASE_STRIP = NO;
				DEBUG_INFORMATION_FORMAT = "dwarf-with-dsym";
				ENABLE_NS_ASSERTIONS = NO;
				ENABLE_STRICT_OBJC_MSGSEND = YES;
				GCC_C_LANGUAGE_STANDARD = gnu11;
				GCC_NO_COMMON_BLOCKS = YES;
				GCC_WARN_64_TO_32_BIT_CONVERSION = YES;
				GCC_WARN_ABOUT_RETURN_TYPE = YES_ERROR;
				GCC_WARN_UNDECLARED_SELECTOR = YES;
				GCC_WARN_UNINITIALIZED_AUTOS = YES_AGGRESSIVE;
				GCC_WARN_UNUSED_FUNCTION = YES;
				GCC_WARN_UNUSED_VARIABLE = YES;
				IPHONEOS_DEPLOYMENT_TARGET = 15.2;
				MTL_ENABLE_DEBUG_INFO = NO;
				MTL_FAST_MATH = YES;
				SDKROOT = iphoneos;
				SWIFT_COMPILATION_MODE = wholemodule;
				SWIFT_OPTIMIZATION_LEVEL = "-O";
				VALIDATE_PRODUCT = YES;
			};
			name = Release;
		};
		5457136727A21FA300B2D5CD /* Debug */ = {
			isa = XCBuildConfiguration;
			buildSettings = {
				ASSETCATALOG_COMPILER_APPICON_NAME = AppIcon;
				ASSETCATALOG_COMPILER_GLOBAL_ACCENT_COLOR_NAME = AccentColor;
				CODE_SIGN_STYLE = Automatic;
				CURRENT_PROJECT_VERSION = 1;
				DEVELOPMENT_ASSET_PATHS = "\"DiscussionHub/Preview Content\"";
				DEVELOPMENT_TEAM = RY7754Y275;
				ENABLE_PREVIEWS = YES;
				GENERATE_INFOPLIST_FILE = YES;
				INFOPLIST_KEY_UIApplicationSceneManifest_Generation = YES;
				INFOPLIST_KEY_UIApplicationSupportsIndirectInputEvents = YES;
				INFOPLIST_KEY_UILaunchScreen_Generation = YES;
				INFOPLIST_KEY_UISupportedInterfaceOrientations_iPad = "UIInterfaceOrientationPortrait UIInterfaceOrientationPortraitUpsideDown UIInterfaceOrientationLandscapeLeft UIInterfaceOrientationLandscapeRight";
				INFOPLIST_KEY_UISupportedInterfaceOrientations_iPhone = "UIInterfaceOrientationPortrait UIInterfaceOrientationLandscapeLeft UIInterfaceOrientationLandscapeRight";
				LD_RUNPATH_SEARCH_PATHS = (
					"$(inherited)",
					"@executable_path/Frameworks",
				);
				MARKETING_VERSION = 1.0;
				PRODUCT_BUNDLE_IDENTIFIER = com.example.y.DiscussionHub;
				PRODUCT_NAME = "$(TARGET_NAME)";
				SWIFT_EMIT_LOC_STRINGS = YES;
				SWIFT_VERSION = 5.0;
				TARGETED_DEVICE_FAMILY = "1,2";
			};
			name = Debug;
		};
		5457136827A21FA300B2D5CD /* Release */ = {
			isa = XCBuildConfiguration;
			buildSettings = {
				ASSETCATALOG_COMPILER_APPICON_NAME = AppIcon;
				ASSETCATALOG_COMPILER_GLOBAL_ACCENT_COLOR_NAME = AccentColor;
				CODE_SIGN_STYLE = Automatic;
				CURRENT_PROJECT_VERSION = 1;
				DEVELOPMENT_ASSET_PATHS = "\"DiscussionHub/Preview Content\"";
				DEVELOPMENT_TEAM = RY7754Y275;
				ENABLE_PREVIEWS = YES;
				GENERATE_INFOPLIST_FILE = YES;
				INFOPLIST_KEY_UIApplicationSceneManifest_Generation = YES;
				INFOPLIST_KEY_UIApplicationSupportsIndirectInputEvents = YES;
				INFOPLIST_KEY_UILaunchScreen_Generation = YES;
				INFOPLIST_KEY_UISupportedInterfaceOrientations_iPad = "UIInterfaceOrientationPortrait UIInterfaceOrientationPortraitUpsideDown UIInterfaceOrientationLandscapeLeft UIInterfaceOrientationLandscapeRight";
				INFOPLIST_KEY_UISupportedInterfaceOrientations_iPhone = "UIInterfaceOrientationPortrait UIInterfaceOrientationLandscapeLeft UIInterfaceOrientationLandscapeRight";
				LD_RUNPATH_SEARCH_PATHS = (
					"$(inherited)",
					"@executable_path/Frameworks",
				);
				MARKETING_VERSION = 1.0;
				PRODUCT_BUNDLE_IDENTIFIER = com.example.y.DiscussionHub;
				PRODUCT_NAME = "$(TARGET_NAME)";
				SWIFT_EMIT_LOC_STRINGS = YES;
				SWIFT_VERSION = 5.0;
				TARGETED_DEVICE_FAMILY = "1,2";
			};
			name = Release;
		};
/* End XCBuildConfiguration section */

/* Begin XCConfigurationList section */
		5457135327A21FA200B2D5CD /* Build configuration list for PBXProject "DiscussionHub" */ = {
			isa = XCConfigurationList;
			buildConfigurations = (
				5457136427A21FA300B2D5CD /* Debug */,
				5457136527A21FA300B2D5CD /* Release */,
			);
			defaultConfigurationIsVisible = 0;
			defaultConfigurationName = Release;
		};
		5457136627A21FA300B2D5CD /* Build configuration list for PBXNativeTarget "DiscussionHub" */ = {
			isa = XCConfigurationList;
			buildConfigurations = (
				5457136727A21FA300B2D5CD /* Debug */,
				5457136827A21FA300B2D5CD /* Release */,
			);
			defaultConfigurationIsVisible = 0;
			defaultConfigurationName = Release;
		};
/* End XCConfigurationList section */

/* Begin XCRemoteSwiftPackageReference section */
		5457137227A22B1200B2D5CD /* XCRemoteSwiftPackageReference "firebase-ios-sdk" */ = {
			isa = XCRemoteSwiftPackageReference;
			repositoryURL = "https://github.com/firebase/firebase-ios-sdk.git";
			requirement = {
				branch = master;
				kind = branch;
			};
		};
/* End XCRemoteSwiftPackageReference section */

/* Begin XCSwiftPackageProductDependency section */
		5457137327A22B1200B2D5CD /* FirebaseFirestore */ = {
			isa = XCSwiftPackageProductDependency;
			package = 5457137227A22B1200B2D5CD /* XCRemoteSwiftPackageReference "firebase-ios-sdk" */;
			productName = FirebaseFirestore;
		};
/* End XCSwiftPackageProductDependency section */
	};
	rootObject = 5457135027A21FA200B2D5CD /* Project object */;
}
